// !$*UTF8*$!
{
	archiveVersion = 1;
	classes = {
	};
	objectVersion = 50;
	objects = {

/* Begin PBXBuildFile section */
		292EDC2121904024005A27D3 /* ViewControllerTransitionsViewController.swift in Sources */ = {isa = PBXBuildFile; fileRef = 292EDC2021904024005A27D3 /* ViewControllerTransitionsViewController.swift */; };
		292EDC232190411D005A27D3 /* UIViewPropertyAnimatorViewController.swift in Sources */ = {isa = PBXBuildFile; fileRef = 292EDC222190411D005A27D3 /* UIViewPropertyAnimatorViewController.swift */; };
		292EDC252190414F005A27D3 /* TreeDAnimationsViewController.swift in Sources */ = {isa = PBXBuildFile; fileRef = 292EDC242190414F005A27D3 /* TreeDAnimationsViewController.swift */; };
		292EDC27219041C1005A27D3 /* FurtherTypesViewController.swift in Sources */ = {isa = PBXBuildFile; fileRef = 292EDC26219041C1005A27D3 /* FurtherTypesViewController.swift */; };
		292EDC2921904FE1005A27D3 /* AnimatorFactory.swift in Sources */ = {isa = PBXBuildFile; fileRef = 292EDC2821904FE1005A27D3 /* AnimatorFactory.swift */; };
		292EDC2B21912FF0005A27D3 /* SaveTheDotViewController.swift in Sources */ = {isa = PBXBuildFile; fileRef = 292EDC2A21912FF0005A27D3 /* SaveTheDotViewController.swift */; };
		29E9BE15218BEACD00DABFFB /* BaseViewController.swift in Sources */ = {isa = PBXBuildFile; fileRef = 29E9BE14218BEACD00DABFFB /* BaseViewController.swift */; };
		29E9BE18218BEC9600DABFFB /* ViewAnimationViewController.swift in Sources */ = {isa = PBXBuildFile; fileRef = 29E9BE17218BEC9600DABFFB /* ViewAnimationViewController.swift */; };
		29E9BE85218BF19E00DABFFB /* LICENSE in Resources */ = {isa = PBXBuildFile; fileRef = 29E9BE60218BF19E00DABFFB /* LICENSE */; };
		29E9BE86218BF19E00DABFFB /* ConstraintMultiplierTarget.swift in Sources */ = {isa = PBXBuildFile; fileRef = 29E9BE62218BF19E00DABFFB /* ConstraintMultiplierTarget.swift */; };
		29E9BE87218BF19E00DABFFB /* LayoutConstraintItem.swift in Sources */ = {isa = PBXBuildFile; fileRef = 29E9BE63218BF19E00DABFFB /* LayoutConstraintItem.swift */; };
		29E9BE88218BF19E00DABFFB /* ConstraintDescription.swift in Sources */ = {isa = PBXBuildFile; fileRef = 29E9BE64218BF19E00DABFFB /* ConstraintDescription.swift */; };
		29E9BE89218BF19E00DABFFB /* ConstraintMakerPriortizable.swift in Sources */ = {isa = PBXBuildFile; fileRef = 29E9BE65218BF19E00DABFFB /* ConstraintMakerPriortizable.swift */; };
		29E9BE8A218BF19E00DABFFB /* ConstraintAttributes.swift in Sources */ = {isa = PBXBuildFile; fileRef = 29E9BE66218BF19E00DABFFB /* ConstraintAttributes.swift */; };
		29E9BE8B218BF19E00DABFFB /* ConstraintViewDSL.swift in Sources */ = {isa = PBXBuildFile; fileRef = 29E9BE67218BF19E00DABFFB /* ConstraintViewDSL.swift */; };
		29E9BE8C218BF19E00DABFFB /* ConstraintPriorityTarget.swift in Sources */ = {isa = PBXBuildFile; fileRef = 29E9BE68218BF19E00DABFFB /* ConstraintPriorityTarget.swift */; };
		29E9BE8D218BF19E00DABFFB /* ConstraintInsets.swift in Sources */ = {isa = PBXBuildFile; fileRef = 29E9BE69218BF19E00DABFFB /* ConstraintInsets.swift */; };
		29E9BE8E218BF19E00DABFFB /* ConstraintMakerFinalizable.swift in Sources */ = {isa = PBXBuildFile; fileRef = 29E9BE6A218BF19E00DABFFB /* ConstraintMakerFinalizable.swift */; };
		29E9BE8F218BF19E00DABFFB /* ConstraintDSL.swift in Sources */ = {isa = PBXBuildFile; fileRef = 29E9BE6B218BF19E00DABFFB /* ConstraintDSL.swift */; };
		29E9BE90218BF19E00DABFFB /* ConstraintMakerExtendable.swift in Sources */ = {isa = PBXBuildFile; fileRef = 29E9BE6C218BF19E00DABFFB /* ConstraintMakerExtendable.swift */; };
		29E9BE91218BF19E00DABFFB /* ConstraintPriority.swift in Sources */ = {isa = PBXBuildFile; fileRef = 29E9BE6D218BF19E00DABFFB /* ConstraintPriority.swift */; };
		29E9BE92218BF19E00DABFFB /* ConstraintInsetTarget.swift in Sources */ = {isa = PBXBuildFile; fileRef = 29E9BE6E218BF19E00DABFFB /* ConstraintInsetTarget.swift */; };
		29E9BE93218BF19E00DABFFB /* ConstraintConfig.swift in Sources */ = {isa = PBXBuildFile; fileRef = 29E9BE6F218BF19E00DABFFB /* ConstraintConfig.swift */; };
		29E9BE94218BF19E00DABFFB /* UILayoutSupport+Extensions.swift in Sources */ = {isa = PBXBuildFile; fileRef = 29E9BE70218BF19E00DABFFB /* UILayoutSupport+Extensions.swift */; };
		29E9BE95218BF19E00DABFFB /* ConstraintView.swift in Sources */ = {isa = PBXBuildFile; fileRef = 29E9BE71218BF19E00DABFFB /* ConstraintView.swift */; };
		29E9BE96218BF19E00DABFFB /* ConstraintLayoutGuide.swift in Sources */ = {isa = PBXBuildFile; fileRef = 29E9BE72218BF19E00DABFFB /* ConstraintLayoutGuide.swift */; };
		29E9BE97218BF19E00DABFFB /* ConstraintLayoutSupport.swift in Sources */ = {isa = PBXBuildFile; fileRef = 29E9BE73218BF19E00DABFFB /* ConstraintLayoutSupport.swift */; };
		29E9BE98218BF19E00DABFFB /* Typealiases.swift in Sources */ = {isa = PBXBuildFile; fileRef = 29E9BE74218BF19E00DABFFB /* Typealiases.swift */; };
		29E9BE99218BF19E00DABFFB /* ConstraintConstantTarget.swift in Sources */ = {isa = PBXBuildFile; fileRef = 29E9BE75218BF19E00DABFFB /* ConstraintConstantTarget.swift */; };
		29E9BE9A218BF19E00DABFFB /* ConstraintOffsetTarget.swift in Sources */ = {isa = PBXBuildFile; fileRef = 29E9BE76218BF19E00DABFFB /* ConstraintOffsetTarget.swift */; };
		29E9BE9B218BF19E00DABFFB /* ConstraintMakerEditable.swift in Sources */ = {isa = PBXBuildFile; fileRef = 29E9BE77218BF19E00DABFFB /* ConstraintMakerEditable.swift */; };
		29E9BE9C218BF19E00DABFFB /* ConstraintMaker.swift in Sources */ = {isa = PBXBuildFile; fileRef = 29E9BE78218BF19E00DABFFB /* ConstraintMaker.swift */; };
		29E9BE9D218BF19E00DABFFB /* ConstraintRelation.swift in Sources */ = {isa = PBXBuildFile; fileRef = 29E9BE79218BF19E00DABFFB /* ConstraintRelation.swift */; };
		29E9BE9E218BF19E00DABFFB /* ConstraintLayoutGuideDSL.swift in Sources */ = {isa = PBXBuildFile; fileRef = 29E9BE7A218BF19E00DABFFB /* ConstraintLayoutGuideDSL.swift */; };
		29E9BE9F218BF19E00DABFFB /* ConstraintView+Extensions.swift in Sources */ = {isa = PBXBuildFile; fileRef = 29E9BE7B218BF19E00DABFFB /* ConstraintView+Extensions.swift */; };
		29E9BEA0218BF19E00DABFFB /* ConstraintItem.swift in Sources */ = {isa = PBXBuildFile; fileRef = 29E9BE7C218BF19E00DABFFB /* ConstraintItem.swift */; };
		29E9BEA1218BF19E00DABFFB /* Constraint.swift in Sources */ = {isa = PBXBuildFile; fileRef = 29E9BE7D218BF19E00DABFFB /* Constraint.swift */; };
		29E9BEA2218BF19E00DABFFB /* Debugging.swift in Sources */ = {isa = PBXBuildFile; fileRef = 29E9BE7E218BF19E00DABFFB /* Debugging.swift */; };
		29E9BEA3218BF19E00DABFFB /* ConstraintRelatableTarget.swift in Sources */ = {isa = PBXBuildFile; fileRef = 29E9BE7F218BF19E00DABFFB /* ConstraintRelatableTarget.swift */; };
		29E9BEA4218BF19E00DABFFB /* LayoutConstraint.swift in Sources */ = {isa = PBXBuildFile; fileRef = 29E9BE80218BF19E00DABFFB /* LayoutConstraint.swift */; };
		29E9BEA5218BF19E00DABFFB /* ConstraintLayoutGuide+Extensions.swift in Sources */ = {isa = PBXBuildFile; fileRef = 29E9BE81218BF19E00DABFFB /* ConstraintLayoutGuide+Extensions.swift */; };
		29E9BEA6218BF19E00DABFFB /* ConstraintLayoutSupportDSL.swift in Sources */ = {isa = PBXBuildFile; fileRef = 29E9BE82218BF19E00DABFFB /* ConstraintLayoutSupportDSL.swift */; };
		29E9BEA7218BF19E00DABFFB /* ConstraintMakerRelatable.swift in Sources */ = {isa = PBXBuildFile; fileRef = 29E9BE83218BF19E00DABFFB /* ConstraintMakerRelatable.swift */; };
		29E9BEA8218BF19E00DABFFB /* README.md in Resources */ = {isa = PBXBuildFile; fileRef = 29E9BE84218BF19E00DABFFB /* README.md */; };
		29E9BEAA218BF4F200DABFFB /* mainCell.xib in Resources */ = {isa = PBXBuildFile; fileRef = 29E9BEA9218BF4F200DABFFB /* mainCell.xib */; };
		29E9BEAC218C588B00DABFFB /* LayerAnimationViewController.swift in Sources */ = {isa = PBXBuildFile; fileRef = 29E9BEAB218C588B00DABFFB /* LayerAnimationViewController.swift */; };
		29F876A7218BE253005E368B /* AppDelegate.swift in Sources */ = {isa = PBXBuildFile; fileRef = 29F876A6218BE253005E368B /* AppDelegate.swift */; };
		29F876A9218BE253005E368B /* MainViewController.swift in Sources */ = {isa = PBXBuildFile; fileRef = 29F876A8218BE253005E368B /* MainViewController.swift */; };
		29F876AC218BE253005E368B /* Main.storyboard in Resources */ = {isa = PBXBuildFile; fileRef = 29F876AA218BE253005E368B /* Main.storyboard */; };
		29F876AE218BE256005E368B /* Assets.xcassets in Resources */ = {isa = PBXBuildFile; fileRef = 29F876AD218BE256005E368B /* Assets.xcassets */; };
		29F876B1218BE256005E368B /* LaunchScreen.storyboard in Resources */ = {isa = PBXBuildFile; fileRef = 29F876AF218BE256005E368B /* LaunchScreen.storyboard */; };
/* End PBXBuildFile section */

/* Begin PBXFileReference section */
		292EDC2021904024005A27D3 /* ViewControllerTransitionsViewController.swift */ = {isa = PBXFileReference; lastKnownFileType = sourcecode.swift; path = ViewControllerTransitionsViewController.swift; sourceTree = "<group>"; };
		292EDC222190411D005A27D3 /* UIViewPropertyAnimatorViewController.swift */ = {isa = PBXFileReference; lastKnownFileType = sourcecode.swift; path = UIViewPropertyAnimatorViewController.swift; sourceTree = "<group>"; };
		292EDC242190414F005A27D3 /* TreeDAnimationsViewController.swift */ = {isa = PBXFileReference; lastKnownFileType = sourcecode.swift; path = TreeDAnimationsViewController.swift; sourceTree = "<group>"; };
		292EDC26219041C1005A27D3 /* FurtherTypesViewController.swift */ = {isa = PBXFileReference; lastKnownFileType = sourcecode.swift; path = FurtherTypesViewController.swift; sourceTree = "<group>"; };
		292EDC2821904FE1005A27D3 /* AnimatorFactory.swift */ = {isa = PBXFileReference; lastKnownFileType = sourcecode.swift; path = AnimatorFactory.swift; sourceTree = "<group>"; };
		292EDC2A21912FF0005A27D3 /* SaveTheDotViewController.swift */ = {isa = PBXFileReference; lastKnownFileType = sourcecode.swift; path = SaveTheDotViewController.swift; sourceTree = "<group>"; };
		29E9BE14218BEACD00DABFFB /* BaseViewController.swift */ = {isa = PBXFileReference; lastKnownFileType = sourcecode.swift; path = BaseViewController.swift; sourceTree = "<group>"; };
		29E9BE17218BEC9600DABFFB /* ViewAnimationViewController.swift */ = {isa = PBXFileReference; lastKnownFileType = sourcecode.swift; path = ViewAnimationViewController.swift; sourceTree = "<group>"; };
		29E9BE60218BF19E00DABFFB /* LICENSE */ = {isa = PBXFileReference; fileEncoding = 4; lastKnownFileType = text; path = LICENSE; sourceTree = "<group>"; };
		29E9BE62218BF19E00DABFFB /* ConstraintMultiplierTarget.swift */ = {isa = PBXFileReference; fileEncoding = 4; lastKnownFileType = sourcecode.swift; path = ConstraintMultiplierTarget.swift; sourceTree = "<group>"; };
		29E9BE63218BF19E00DABFFB /* LayoutConstraintItem.swift */ = {isa = PBXFileReference; fileEncoding = 4; lastKnownFileType = sourcecode.swift; path = LayoutConstraintItem.swift; sourceTree = "<group>"; };
		29E9BE64218BF19E00DABFFB /* ConstraintDescription.swift */ = {isa = PBXFileReference; fileEncoding = 4; lastKnownFileType = sourcecode.swift; path = ConstraintDescription.swift; sourceTree = "<group>"; };
		29E9BE65218BF19E00DABFFB /* ConstraintMakerPriortizable.swift */ = {isa = PBXFileReference; fileEncoding = 4; lastKnownFileType = sourcecode.swift; path = ConstraintMakerPriortizable.swift; sourceTree = "<group>"; };
		29E9BE66218BF19E00DABFFB /* ConstraintAttributes.swift */ = {isa = PBXFileReference; fileEncoding = 4; lastKnownFileType = sourcecode.swift; path = ConstraintAttributes.swift; sourceTree = "<group>"; };
		29E9BE67218BF19E00DABFFB /* ConstraintViewDSL.swift */ = {isa = PBXFileReference; fileEncoding = 4; lastKnownFileType = sourcecode.swift; path = ConstraintViewDSL.swift; sourceTree = "<group>"; };
		29E9BE68218BF19E00DABFFB /* ConstraintPriorityTarget.swift */ = {isa = PBXFileReference; fileEncoding = 4; lastKnownFileType = sourcecode.swift; path = ConstraintPriorityTarget.swift; sourceTree = "<group>"; };
		29E9BE69218BF19E00DABFFB /* ConstraintInsets.swift */ = {isa = PBXFileReference; fileEncoding = 4; lastKnownFileType = sourcecode.swift; path = ConstraintInsets.swift; sourceTree = "<group>"; };
		29E9BE6A218BF19E00DABFFB /* ConstraintMakerFinalizable.swift */ = {isa = PBXFileReference; fileEncoding = 4; lastKnownFileType = sourcecode.swift; path = ConstraintMakerFinalizable.swift; sourceTree = "<group>"; };
		29E9BE6B218BF19E00DABFFB /* ConstraintDSL.swift */ = {isa = PBXFileReference; fileEncoding = 4; lastKnownFileType = sourcecode.swift; path = ConstraintDSL.swift; sourceTree = "<group>"; };
		29E9BE6C218BF19E00DABFFB /* ConstraintMakerExtendable.swift */ = {isa = PBXFileReference; fileEncoding = 4; lastKnownFileType = sourcecode.swift; path = ConstraintMakerExtendable.swift; sourceTree = "<group>"; };
		29E9BE6D218BF19E00DABFFB /* ConstraintPriority.swift */ = {isa = PBXFileReference; fileEncoding = 4; lastKnownFileType = sourcecode.swift; path = ConstraintPriority.swift; sourceTree = "<group>"; };
		29E9BE6E218BF19E00DABFFB /* ConstraintInsetTarget.swift */ = {isa = PBXFileReference; fileEncoding = 4; lastKnownFileType = sourcecode.swift; path = ConstraintInsetTarget.swift; sourceTree = "<group>"; };
		29E9BE6F218BF19E00DABFFB /* ConstraintConfig.swift */ = {isa = PBXFileReference; fileEncoding = 4; lastKnownFileType = sourcecode.swift; path = ConstraintConfig.swift; sourceTree = "<group>"; };
		29E9BE70218BF19E00DABFFB /* UILayoutSupport+Extensions.swift */ = {isa = PBXFileReference; fileEncoding = 4; lastKnownFileType = sourcecode.swift; path = "UILayoutSupport+Extensions.swift"; sourceTree = "<group>"; };
		29E9BE71218BF19E00DABFFB /* ConstraintView.swift */ = {isa = PBXFileReference; fileEncoding = 4; lastKnownFileType = sourcecode.swift; path = ConstraintView.swift; sourceTree = "<group>"; };
		29E9BE72218BF19E00DABFFB /* ConstraintLayoutGuide.swift */ = {isa = PBXFileReference; fileEncoding = 4; lastKnownFileType = sourcecode.swift; path = ConstraintLayoutGuide.swift; sourceTree = "<group>"; };
		29E9BE73218BF19E00DABFFB /* ConstraintLayoutSupport.swift */ = {isa = PBXFileReference; fileEncoding = 4; lastKnownFileType = sourcecode.swift; path = ConstraintLayoutSupport.swift; sourceTree = "<group>"; };
		29E9BE74218BF19E00DABFFB /* Typealiases.swift */ = {isa = PBXFileReference; fileEncoding = 4; lastKnownFileType = sourcecode.swift; path = Typealiases.swift; sourceTree = "<group>"; };
		29E9BE75218BF19E00DABFFB /* ConstraintConstantTarget.swift */ = {isa = PBXFileReference; fileEncoding = 4; lastKnownFileType = sourcecode.swift; path = ConstraintConstantTarget.swift; sourceTree = "<group>"; };
		29E9BE76218BF19E00DABFFB /* ConstraintOffsetTarget.swift */ = {isa = PBXFileReference; fileEncoding = 4; lastKnownFileType = sourcecode.swift; path = ConstraintOffsetTarget.swift; sourceTree = "<group>"; };
		29E9BE77218BF19E00DABFFB /* ConstraintMakerEditable.swift */ = {isa = PBXFileReference; fileEncoding = 4; lastKnownFileType = sourcecode.swift; path = ConstraintMakerEditable.swift; sourceTree = "<group>"; };
		29E9BE78218BF19E00DABFFB /* ConstraintMaker.swift */ = {isa = PBXFileReference; fileEncoding = 4; lastKnownFileType = sourcecode.swift; path = ConstraintMaker.swift; sourceTree = "<group>"; };
		29E9BE79218BF19E00DABFFB /* ConstraintRelation.swift */ = {isa = PBXFileReference; fileEncoding = 4; lastKnownFileType = sourcecode.swift; path = ConstraintRelation.swift; sourceTree = "<group>"; };
		29E9BE7A218BF19E00DABFFB /* ConstraintLayoutGuideDSL.swift */ = {isa = PBXFileReference; fileEncoding = 4; lastKnownFileType = sourcecode.swift; path = ConstraintLayoutGuideDSL.swift; sourceTree = "<group>"; };
		29E9BE7B218BF19E00DABFFB /* ConstraintView+Extensions.swift */ = {isa = PBXFileReference; fileEncoding = 4; lastKnownFileType = sourcecode.swift; path = "ConstraintView+Extensions.swift"; sourceTree = "<group>"; };
		29E9BE7C218BF19E00DABFFB /* ConstraintItem.swift */ = {isa = PBXFileReference; fileEncoding = 4; lastKnownFileType = sourcecode.swift; path = ConstraintItem.swift; sourceTree = "<group>"; };
		29E9BE7D218BF19E00DABFFB /* Constraint.swift */ = {isa = PBXFileReference; fileEncoding = 4; lastKnownFileType = sourcecode.swift; path = Constraint.swift; sourceTree = "<group>"; };
		29E9BE7E218BF19E00DABFFB /* Debugging.swift */ = {isa = PBXFileReference; fileEncoding = 4; lastKnownFileType = sourcecode.swift; path = Debugging.swift; sourceTree = "<group>"; };
		29E9BE7F218BF19E00DABFFB /* ConstraintRelatableTarget.swift */ = {isa = PBXFileReference; fileEncoding = 4; lastKnownFileType = sourcecode.swift; path = ConstraintRelatableTarget.swift; sourceTree = "<group>"; };
		29E9BE80218BF19E00DABFFB /* LayoutConstraint.swift */ = {isa = PBXFileReference; fileEncoding = 4; lastKnownFileType = sourcecode.swift; path = LayoutConstraint.swift; sourceTree = "<group>"; };
		29E9BE81218BF19E00DABFFB /* ConstraintLayoutGuide+Extensions.swift */ = {isa = PBXFileReference; fileEncoding = 4; lastKnownFileType = sourcecode.swift; path = "ConstraintLayoutGuide+Extensions.swift"; sourceTree = "<group>"; };
		29E9BE82218BF19E00DABFFB /* ConstraintLayoutSupportDSL.swift */ = {isa = PBXFileReference; fileEncoding = 4; lastKnownFileType = sourcecode.swift; path = ConstraintLayoutSupportDSL.swift; sourceTree = "<group>"; };
		29E9BE83218BF19E00DABFFB /* ConstraintMakerRelatable.swift */ = {isa = PBXFileReference; fileEncoding = 4; lastKnownFileType = sourcecode.swift; path = ConstraintMakerRelatable.swift; sourceTree = "<group>"; };
		29E9BE84218BF19E00DABFFB /* README.md */ = {isa = PBXFileReference; fileEncoding = 4; lastKnownFileType = net.daringfireball.markdown; path = README.md; sourceTree = "<group>"; };
		29E9BEA9218BF4F200DABFFB /* mainCell.xib */ = {isa = PBXFileReference; lastKnownFileType = file.xib; path = mainCell.xib; sourceTree = "<group>"; };
		29E9BEAB218C588B00DABFFB /* LayerAnimationViewController.swift */ = {isa = PBXFileReference; lastKnownFileType = sourcecode.swift; path = LayerAnimationViewController.swift; sourceTree = "<group>"; };
		29F876A3218BE253005E368B /* LPAnimationDemo.app */ = {isa = PBXFileReference; explicitFileType = wrapper.application; includeInIndex = 0; path = LPAnimationDemo.app; sourceTree = BUILT_PRODUCTS_DIR; };
		29F876A6218BE253005E368B /* AppDelegate.swift */ = {isa = PBXFileReference; lastKnownFileType = sourcecode.swift; path = AppDelegate.swift; sourceTree = "<group>"; };
		29F876A8218BE253005E368B /* MainViewController.swift */ = {isa = PBXFileReference; lastKnownFileType = sourcecode.swift; path = MainViewController.swift; sourceTree = "<group>"; };
		29F876AB218BE253005E368B /* Base */ = {isa = PBXFileReference; lastKnownFileType = file.storyboard; name = Base; path = Base.lproj/Main.storyboard; sourceTree = "<group>"; };
		29F876AD218BE256005E368B /* Assets.xcassets */ = {isa = PBXFileReference; lastKnownFileType = folder.assetcatalog; path = Assets.xcassets; sourceTree = "<group>"; };
		29F876B0218BE256005E368B /* Base */ = {isa = PBXFileReference; lastKnownFileType = file.storyboard; name = Base; path = Base.lproj/LaunchScreen.storyboard; sourceTree = "<group>"; };
		29F876B2218BE256005E368B /* Info.plist */ = {isa = PBXFileReference; lastKnownFileType = text.plist.xml; path = Info.plist; sourceTree = "<group>"; };
/* End PBXFileReference section */

/* Begin PBXFrameworksBuildPhase section */
		29F876A0218BE253005E368B /* Frameworks */ = {
			isa = PBXFrameworksBuildPhase;
			buildActionMask = 2147483647;
			files = (
			);
			runOnlyForDeploymentPostprocessing = 0;
		};
/* End PBXFrameworksBuildPhase section */

/* Begin PBXGroup section */
		29E9BE5F218BF19E00DABFFB /* SnapKit */ = {
			isa = PBXGroup;
			children = (
				29E9BE60218BF19E00DABFFB /* LICENSE */,
				29E9BE61218BF19E00DABFFB /* Source */,
				29E9BE84218BF19E00DABFFB /* README.md */,
			);
			path = SnapKit;
			sourceTree = "<group>";
		};
		29E9BE61218BF19E00DABFFB /* Source */ = {
			isa = PBXGroup;
			children = (
				29E9BE62218BF19E00DABFFB /* ConstraintMultiplierTarget.swift */,
				29E9BE63218BF19E00DABFFB /* LayoutConstraintItem.swift */,
				29E9BE64218BF19E00DABFFB /* ConstraintDescription.swift */,
				29E9BE65218BF19E00DABFFB /* ConstraintMakerPriortizable.swift */,
				29E9BE66218BF19E00DABFFB /* ConstraintAttributes.swift */,
				29E9BE67218BF19E00DABFFB /* ConstraintViewDSL.swift */,
				29E9BE68218BF19E00DABFFB /* ConstraintPriorityTarget.swift */,
				29E9BE69218BF19E00DABFFB /* ConstraintInsets.swift */,
				29E9BE6A218BF19E00DABFFB /* ConstraintMakerFinalizable.swift */,
				29E9BE6B218BF19E00DABFFB /* ConstraintDSL.swift */,
				29E9BE6C218BF19E00DABFFB /* ConstraintMakerExtendable.swift */,
				29E9BE6D218BF19E00DABFFB /* ConstraintPriority.swift */,
				29E9BE6E218BF19E00DABFFB /* ConstraintInsetTarget.swift */,
				29E9BE6F218BF19E00DABFFB /* ConstraintConfig.swift */,
				29E9BE70218BF19E00DABFFB /* UILayoutSupport+Extensions.swift */,
				29E9BE71218BF19E00DABFFB /* ConstraintView.swift */,
				29E9BE72218BF19E00DABFFB /* ConstraintLayoutGuide.swift */,
				29E9BE73218BF19E00DABFFB /* ConstraintLayoutSupport.swift */,
				29E9BE74218BF19E00DABFFB /* Typealiases.swift */,
				29E9BE75218BF19E00DABFFB /* ConstraintConstantTarget.swift */,
				29E9BE76218BF19E00DABFFB /* ConstraintOffsetTarget.swift */,
				29E9BE77218BF19E00DABFFB /* ConstraintMakerEditable.swift */,
				29E9BE78218BF19E00DABFFB /* ConstraintMaker.swift */,
				29E9BE79218BF19E00DABFFB /* ConstraintRelation.swift */,
				29E9BE7A218BF19E00DABFFB /* ConstraintLayoutGuideDSL.swift */,
				29E9BE7B218BF19E00DABFFB /* ConstraintView+Extensions.swift */,
				29E9BE7C218BF19E00DABFFB /* ConstraintItem.swift */,
				29E9BE7D218BF19E00DABFFB /* Constraint.swift */,
				29E9BE7E218BF19E00DABFFB /* Debugging.swift */,
				29E9BE7F218BF19E00DABFFB /* ConstraintRelatableTarget.swift */,
				29E9BE80218BF19E00DABFFB /* LayoutConstraint.swift */,
				29E9BE81218BF19E00DABFFB /* ConstraintLayoutGuide+Extensions.swift */,
				29E9BE82218BF19E00DABFFB /* ConstraintLayoutSupportDSL.swift */,
				29E9BE83218BF19E00DABFFB /* ConstraintMakerRelatable.swift */,
			);
			path = Source;
			sourceTree = "<group>";
		};
		29F8769A218BE253005E368B = {
			isa = PBXGroup;
			children = (
				29F876A5218BE253005E368B /* LPAnimationDemo */,
				29F876A4218BE253005E368B /* Products */,
			);
			sourceTree = "<group>";
		};
		29F876A4218BE253005E368B /* Products */ = {
			isa = PBXGroup;
			children = (
				29F876A3218BE253005E368B /* LPAnimationDemo.app */,
			);
			name = Products;
			sourceTree = "<group>";
		};
		29F876A5218BE253005E368B /* LPAnimationDemo */ = {
			isa = PBXGroup;
			children = (
				29E9BE5F218BF19E00DABFFB /* SnapKit */,
				29E9BE17218BEC9600DABFFB /* ViewAnimationViewController.swift */,
				29E9BEAB218C588B00DABFFB /* LayerAnimationViewController.swift */,
				292EDC2021904024005A27D3 /* ViewControllerTransitionsViewController.swift */,
				292EDC222190411D005A27D3 /* UIViewPropertyAnimatorViewController.swift */,
				292EDC2A21912FF0005A27D3 /* SaveTheDotViewController.swift */,
				292EDC242190414F005A27D3 /* TreeDAnimationsViewController.swift */,
				292EDC26219041C1005A27D3 /* FurtherTypesViewController.swift */,
				292EDC2821904FE1005A27D3 /* AnimatorFactory.swift */,
				29E9BEA9218BF4F200DABFFB /* mainCell.xib */,
				29F876A6218BE253005E368B /* AppDelegate.swift */,
				29F876A8218BE253005E368B /* MainViewController.swift */,
				29F876AA218BE253005E368B /* Main.storyboard */,
				29E9BE14218BEACD00DABFFB /* BaseViewController.swift */,
				29F876AD218BE256005E368B /* Assets.xcassets */,
				29F876AF218BE256005E368B /* LaunchScreen.storyboard */,
				29F876B2218BE256005E368B /* Info.plist */,
			);
			path = LPAnimationDemo;
			sourceTree = "<group>";
		};
/* End PBXGroup section */

/* Begin PBXNativeTarget section */
		29F876A2218BE253005E368B /* LPAnimationDemo */ = {
			isa = PBXNativeTarget;
			buildConfigurationList = 29F876B5218BE256005E368B /* Build configuration list for PBXNativeTarget "LPAnimationDemo" */;
			buildPhases = (
				29F8769F218BE253005E368B /* Sources */,
				29F876A0218BE253005E368B /* Frameworks */,
				29F876A1218BE253005E368B /* Resources */,
			);
			buildRules = (
			);
			dependencies = (
			);
			name = LPAnimationDemo;
			productName = LPAnimationDemo;
			productReference = 29F876A3218BE253005E368B /* LPAnimationDemo.app */;
			productType = "com.apple.product-type.application";
		};
/* End PBXNativeTarget section */

/* Begin PBXProject section */
		29F8769B218BE253005E368B /* Project object */ = {
			isa = PBXProject;
			attributes = {
				LastSwiftUpdateCheck = 1010;
				LastUpgradeCheck = 1010;
				ORGANIZATIONNAME = fcs;
				TargetAttributes = {
					29F876A2218BE253005E368B = {
						CreatedOnToolsVersion = 10.1;
					};
				};
			};
			buildConfigurationList = 29F8769E218BE253005E368B /* Build configuration list for PBXProject "LPAnimationDemo" */;
			compatibilityVersion = "Xcode 9.3";
			developmentRegion = en;
			hasScannedForEncodings = 0;
			knownRegions = (
				en,
				Base,
			);
			mainGroup = 29F8769A218BE253005E368B;
			productRefGroup = 29F876A4218BE253005E368B /* Products */;
			projectDirPath = "";
			projectRoot = "";
			targets = (
				29F876A2218BE253005E368B /* LPAnimationDemo */,
			);
		};
/* End PBXProject section */

/* Begin PBXResourcesBuildPhase section */
		29F876A1218BE253005E368B /* Resources */ = {
			isa = PBXResourcesBuildPhase;
			buildActionMask = 2147483647;
			files = (
				29E9BEAA218BF4F200DABFFB /* mainCell.xib in Resources */,
				29F876B1218BE256005E368B /* LaunchScreen.storyboard in Resources */,
				29F876AE218BE256005E368B /* Assets.xcassets in Resources */,
				29E9BEA8218BF19E00DABFFB /* README.md in Resources */,
				29E9BE85218BF19E00DABFFB /* LICENSE in Resources */,
				29F876AC218BE253005E368B /* Main.storyboard in Resources */,
			);
			runOnlyForDeploymentPostprocessing = 0;
		};
/* End PBXResourcesBuildPhase section */

/* Begin PBXSourcesBuildPhase section */
		29F8769F218BE253005E368B /* Sources */ = {
			isa = PBXSourcesBuildPhase;
			buildActionMask = 2147483647;
			files = (
				292EDC232190411D005A27D3 /* UIViewPropertyAnimatorViewController.swift in Sources */,
				29E9BE8D218BF19E00DABFFB /* ConstraintInsets.swift in Sources */,
				29E9BE8A218BF19E00DABFFB /* ConstraintAttributes.swift in Sources */,
				29E9BE9C218BF19E00DABFFB /* ConstraintMaker.swift in Sources */,
				29E9BE8B218BF19E00DABFFB /* ConstraintViewDSL.swift in Sources */,
				29E9BEA2218BF19E00DABFFB /* Debugging.swift in Sources */,
				29E9BEA4218BF19E00DABFFB /* LayoutConstraint.swift in Sources */,
				29E9BEAC218C588B00DABFFB /* LayerAnimationViewController.swift in Sources */,
				29E9BE98218BF19E00DABFFB /* Typealiases.swift in Sources */,
				29E9BE9F218BF19E00DABFFB /* ConstraintView+Extensions.swift in Sources */,
				292EDC252190414F005A27D3 /* TreeDAnimationsViewController.swift in Sources */,
				292EDC2921904FE1005A27D3 /* AnimatorFactory.swift in Sources */,
				29E9BE89218BF19E00DABFFB /* ConstraintMakerPriortizable.swift in Sources */,
				29E9BEA0218BF19E00DABFFB /* ConstraintItem.swift in Sources */,
				29E9BE9A218BF19E00DABFFB /* ConstraintOffsetTarget.swift in Sources */,
				29E9BE93218BF19E00DABFFB /* ConstraintConfig.swift in Sources */,
				292EDC2B21912FF0005A27D3 /* SaveTheDotViewController.swift in Sources */,
				29F876A9218BE253005E368B /* MainViewController.swift in Sources */,
				29E9BE9E218BF19E00DABFFB /* ConstraintLayoutGuideDSL.swift in Sources */,
				29E9BE96218BF19E00DABFFB /* ConstraintLayoutGuide.swift in Sources */,
				29E9BE9D218BF19E00DABFFB /* ConstraintRelation.swift in Sources */,
				29F876A7218BE253005E368B /* AppDelegate.swift in Sources */,
				29E9BE8C218BF19E00DABFFB /* ConstraintPriorityTarget.swift in Sources */,
				29E9BEA1218BF19E00DABFFB /* Constraint.swift in Sources */,
				29E9BEA3218BF19E00DABFFB /* ConstraintRelatableTarget.swift in Sources */,
				29E9BE18218BEC9600DABFFB /* ViewAnimationViewController.swift in Sources */,
				29E9BE90218BF19E00DABFFB /* ConstraintMakerExtendable.swift in Sources */,
				29E9BEA6218BF19E00DABFFB /* ConstraintLayoutSupportDSL.swift in Sources */,
				29E9BE15218BEACD00DABFFB /* BaseViewController.swift in Sources */,
				292EDC27219041C1005A27D3 /* FurtherTypesViewController.swift in Sources */,
				29E9BE91218BF19E00DABFFB /* ConstraintPriority.swift in Sources */,
				29E9BE9B218BF19E00DABFFB /* ConstraintMakerEditable.swift in Sources */,
				29E9BEA7218BF19E00DABFFB /* ConstraintMakerRelatable.swift in Sources */,
				29E9BEA5218BF19E00DABFFB /* ConstraintLayoutGuide+Extensions.swift in Sources */,
				29E9BE86218BF19E00DABFFB /* ConstraintMultiplierTarget.swift in Sources */,
				29E9BE99218BF19E00DABFFB /* ConstraintConstantTarget.swift in Sources */,
				29E9BE88218BF19E00DABFFB /* ConstraintDescription.swift in Sources */,
				29E9BE92218BF19E00DABFFB /* ConstraintInsetTarget.swift in Sources */,
				29E9BE95218BF19E00DABFFB /* ConstraintView.swift in Sources */,
				29E9BE87218BF19E00DABFFB /* LayoutConstraintItem.swift in Sources */,
				29E9BE94218BF19E00DABFFB /* UILayoutSupport+Extensions.swift in Sources */,
				292EDC2121904024005A27D3 /* ViewControllerTransitionsViewController.swift in Sources */,
				29E9BE8F218BF19E00DABFFB /* ConstraintDSL.swift in Sources */,
				29E9BE97218BF19E00DABFFB /* ConstraintLayoutSupport.swift in Sources */,
				29E9BE8E218BF19E00DABFFB /* ConstraintMakerFinalizable.swift in Sources */,
			);
			runOnlyForDeploymentPostprocessing = 0;
		};
/* End PBXSourcesBuildPhase section */

/* Begin PBXVariantGroup section */
		29F876AA218BE253005E368B /* Main.storyboard */ = {
			isa = PBXVariantGroup;
			children = (
				29F876AB218BE253005E368B /* Base */,
			);
			name = Main.storyboard;
			sourceTree = "<group>";
		};
		29F876AF218BE256005E368B /* LaunchScreen.storyboard */ = {
			isa = PBXVariantGroup;
			children = (
				29F876B0218BE256005E368B /* Base */,
			);
			name = LaunchScreen.storyboard;
			sourceTree = "<group>";
		};
/* End PBXVariantGroup section */

/* Begin XCBuildConfiguration section */
		29F876B3218BE256005E368B /* Debug */ = {
			isa = XCBuildConfiguration;
			buildSettings = {
				ALWAYS_SEARCH_USER_PATHS = NO;
				CLANG_ANALYZER_NONNULL = YES;
				CLANG_ANALYZER_NUMBER_OBJECT_CONVERSION = YES_AGGRESSIVE;
				CLANG_CXX_LANGUAGE_STANDARD = "gnu++14";
				CLANG_CXX_LIBRARY = "libc++";
				CLANG_ENABLE_MODULES = YES;
				CLANG_ENABLE_OBJC_ARC = YES;
				CLANG_ENABLE_OBJC_WEAK = YES;
				CLANG_WARN_BLOCK_CAPTURE_AUTORELEASING = YES;
				CLANG_WARN_BOOL_CONVERSION = YES;
				CLANG_WARN_COMMA = YES;
				CLANG_WARN_CONSTANT_CONVERSION = YES;
				CLANG_WARN_DEPRECATED_OBJC_IMPLEMENTATIONS = YES;
				CLANG_WARN_DIRECT_OBJC_ISA_USAGE = YES_ERROR;
				CLANG_WARN_DOCUMENTATION_COMMENTS = YES;
				CLANG_WARN_EMPTY_BODY = YES;
				CLANG_WARN_ENUM_CONVERSION = YES;
				CLANG_WARN_INFINITE_RECURSION = YES;
				CLANG_WARN_INT_CONVERSION = YES;
				CLANG_WARN_NON_LITERAL_NULL_CONVERSION = YES;
				CLANG_WARN_OBJC_IMPLICIT_RETAIN_SELF = YES;
				CLANG_WARN_OBJC_LITERAL_CONVERSION = YES;
				CLANG_WARN_OBJC_ROOT_CLASS = YES_ERROR;
				CLANG_WARN_RANGE_LOOP_ANALYSIS = YES;
				CLANG_WARN_STRICT_PROTOTYPES = YES;
				CLANG_WARN_SUSPICIOUS_MOVE = YES;
				CLANG_WARN_UNGUARDED_AVAILABILITY = YES_AGGRESSIVE;
				CLANG_WARN_UNREACHABLE_CODE = YES;
				CLANG_WARN__DUPLICATE_METHOD_MATCH = YES;
				CODE_SIGN_IDENTITY = "iPhone Developer";
				COPY_PHASE_STRIP = NO;
				DEBUG_INFORMATION_FORMAT = dwarf;
				ENABLE_STRICT_OBJC_MSGSEND = YES;
				ENABLE_TESTABILITY = YES;
				GCC_C_LANGUAGE_STANDARD = gnu11;
				GCC_DYNAMIC_NO_PIC = NO;
				GCC_NO_COMMON_BLOCKS = YES;
				GCC_OPTIMIZATION_LEVEL = 0;
				GCC_PREPROCESSOR_DEFINITIONS = (
					"DEBUG=1",
					"$(inherited)",
				);
				GCC_WARN_64_TO_32_BIT_CONVERSION = YES;
				GCC_WARN_ABOUT_RETURN_TYPE = YES_ERROR;
				GCC_WARN_UNDECLARED_SELECTOR = YES;
				GCC_WARN_UNINITIALIZED_AUTOS = YES_AGGRESSIVE;
				GCC_WARN_UNUSED_FUNCTION = YES;
				GCC_WARN_UNUSED_VARIABLE = YES;
				IPHONEOS_DEPLOYMENT_TARGET = 12.1;
				MTL_ENABLE_DEBUG_INFO = INCLUDE_SOURCE;
				MTL_FAST_MATH = YES;
				ONLY_ACTIVE_ARCH = YES;
				SDKROOT = iphoneos;
				SWIFT_ACTIVE_COMPILATION_CONDITIONS = DEBUG;
				SWIFT_OPTIMIZATION_LEVEL = "-Onone";
			};
			name = Debug;
		};
		29F876B4218BE256005E368B /* Release */ = {
			isa = XCBuildConfiguration;
			buildSettings = {
				ALWAYS_SEARCH_USER_PATHS = NO;
				CLANG_ANALYZER_NONNULL = YES;
				CLANG_ANALYZER_NUMBER_OBJECT_CONVERSION = YES_AGGRESSIVE;
				CLANG_CXX_LANGUAGE_STANDARD = "gnu++14";
				CLANG_CXX_LIBRARY = "libc++";
				CLANG_ENABLE_MODULES = YES;
				CLANG_ENABLE_OBJC_ARC = YES;
				CLANG_ENABLE_OBJC_WEAK = YES;
				CLANG_WARN_BLOCK_CAPTURE_AUTORELEASING = YES;
				CLANG_WARN_BOOL_CONVERSION = YES;
				CLANG_WARN_COMMA = YES;
				CLANG_WARN_CONSTANT_CONVERSION = YES;
				CLANG_WARN_DEPRECATED_OBJC_IMPLEMENTATIONS = YES;
				CLANG_WARN_DIRECT_OBJC_ISA_USAGE = YES_ERROR;
				CLANG_WARN_DOCUMENTATION_COMMENTS = YES;
				CLANG_WARN_EMPTY_BODY = YES;
				CLANG_WARN_ENUM_CONVERSION = YES;
				CLANG_WARN_INFINITE_RECURSION = YES;
				CLANG_WARN_INT_CONVERSION = YES;
				CLANG_WARN_NON_LITERAL_NULL_CONVERSION = YES;
				CLANG_WARN_OBJC_IMPLICIT_RETAIN_SELF = YES;
				CLANG_WARN_OBJC_LITERAL_CONVERSION = YES;
				CLANG_WARN_OBJC_ROOT_CLASS = YES_ERROR;
				CLANG_WARN_RANGE_LOOP_ANALYSIS = YES;
				CLANG_WARN_STRICT_PROTOTYPES = YES;
				CLANG_WARN_SUSPICIOUS_MOVE = YES;
				CLANG_WARN_UNGUARDED_AVAILABILITY = YES_AGGRESSIVE;
				CLANG_WARN_UNREACHABLE_CODE = YES;
				CLANG_WARN__DUPLICATE_METHOD_MATCH = YES;
				CODE_SIGN_IDENTITY = "iPhone Developer";
				COPY_PHASE_STRIP = NO;
				DEBUG_INFORMATION_FORMAT = "dwarf-with-dsym";
				ENABLE_NS_ASSERTIONS = NO;
				ENABLE_STRICT_OBJC_MSGSEND = YES;
				GCC_C_LANGUAGE_STANDARD = gnu11;
				GCC_NO_COMMON_BLOCKS = YES;
				GCC_WARN_64_TO_32_BIT_CONVERSION = YES;
				GCC_WARN_ABOUT_RETURN_TYPE = YES_ERROR;
				GCC_WARN_UNDECLARED_SELECTOR = YES;
				GCC_WARN_UNINITIALIZED_AUTOS = YES_AGGRESSIVE;
				GCC_WARN_UNUSED_FUNCTION = YES;
				GCC_WARN_UNUSED_VARIABLE = YES;
				IPHONEOS_DEPLOYMENT_TARGET = 12.1;
				MTL_ENABLE_DEBUG_INFO = NO;
				MTL_FAST_MATH = YES;
				SDKROOT = iphoneos;
				SWIFT_COMPILATION_MODE = wholemodule;
				SWIFT_OPTIMIZATION_LEVEL = "-O";
				VALIDATE_PRODUCT = YES;
			};
			name = Release;
		};
		29F876B6218BE256005E368B /* Debug */ = {
			isa = XCBuildConfiguration;
			buildSettings = {
				ASSETCATALOG_COMPILER_APPICON_NAME = AppIcon;
				CODE_SIGN_STYLE = Automatic;
				DEVELOPMENT_TEAM = S6W7TXYNQR;
				INFOPLIST_FILE = LPAnimationDemo/Info.plist;
				LD_RUNPATH_SEARCH_PATHS = (
					"$(inherited)",
					"@executable_path/Frameworks",
				);
				PRODUCT_BUNDLE_IDENTIFIER = com.firstleap.fcs.Ttest.LPAnimationDemo;
				PRODUCT_NAME = "$(TARGET_NAME)";
				SWIFT_VERSION = 4.2;
				TARGETED_DEVICE_FAMILY = "1,2";
			};
			name = Debug;
		};
		29F876B7218BE256005E368B /* Release */ = {
			isa = XCBuildConfiguration;
			buildSettings = {
				ASSETCATALOG_COMPILER_APPICON_NAME = AppIcon;
				CODE_SIGN_STYLE = Automatic;
				DEVELOPMENT_TEAM = S6W7TXYNQR;
				INFOPLIST_FILE = LPAnimationDemo/Info.plist;
				LD_RUNPATH_SEARCH_PATHS = (
					"$(inherited)",
					"@executable_path/Frameworks",
				);
				PRODUCT_BUNDLE_IDENTIFIER = com.firstleap.fcs.Ttest.LPAnimationDemo;
				PRODUCT_NAME = "$(TARGET_NAME)";
				SWIFT_VERSION = 4.2;
				TARGETED_DEVICE_FAMILY = "1,2";
			};
			name = Release;
		};
/* End XCBuildConfiguration section */

/* Begin XCConfigurationList section */
		29F8769E218BE253005E368B /* Build configuration list for PBXProject "LPAnimationDemo" */ = {
			isa = XCConfigurationList;
			buildConfigurations = (
				29F876B3218BE256005E368B /* Debug */,
				29F876B4218BE256005E368B /* Release */,
			);
			defaultConfigurationIsVisible = 0;
			defaultConfigurationName = Release;
		};
		29F876B5218BE256005E368B /* Build configuration list for PBXNativeTarget "LPAnimationDemo" */ = {
			isa = XCConfigurationList;
			buildConfigurations = (
				29F876B6218BE256005E368B /* Debug */,
				29F876B7218BE256005E368B /* Release */,
			);
			defaultConfigurationIsVisible = 0;
			defaultConfigurationName = Release;
		};
/* End XCConfigurationList section */
	};
	rootObject = 29F8769B218BE253005E368B /* Project object */;
}
